
Microsoft Visual Studio Solution File, Format Version 12.00
# Visual Studio Version 17
VisualStudioVersion = 17.4.33110.190
MinimumVisualStudioVersion = 10.0.40219.1
Project("{FAE04EC0-301F-11D3-BF4B-00C04F79EFBC}") = "third(impact)LessonHomework", "third(impact)LessonHomework\third(impact)LessonHomework.csproj", "{935E2EFD-5213-45C4-A799-77BE6F3243AB}"
EndProject
Global
	GlobalSection(SolutionConfigurationPlatforms) = preSolution
		Debug|Any CPU = Debug|Any CPU
		Release|Any CPU = Release|Any CPU
	EndGlobalSection
	GlobalSection(ProjectConfigurationPlatforms) = postSolution
		{935E2EFD-5213-45C4-A799-77BE6F3243AB}.Debug|Any CPU.ActiveCfg = Debug|Any CPU
		{935E2EFD-5213-45C4-A799-77BE6F3243AB}.Debug|Any CPU.Build.0 = Debug|Any CPU
		{935E2EFD-5213-45C4-A799-77BE6F3243AB}.Release|Any CPU.ActiveCfg = Release|Any CPU
		{935E2EFD-5213-45C4-A799-77BE6F3243AB}.Release|Any CPU.Build.0 = Release|Any CPU
	EndGlobalSection
	GlobalSection(SolutionProperties) = preSolution
		HideSolutionNode = FALSE
	EndGlobalSection
	GlobalSection(ExtensibilityGlobals) = postSolution
		SolutionGuid = {16BAD739-740B-4A1D-8E45-962490700C7D}
	EndGlobalSection
EndGlobal
